{
  "name": "projeto-scraper-uenfinovador",
  "lockfileVersion": 3,
  "requires": true,
  "packages": {
    "": {
      "dependencies": {
        "@tanstack/react-query-persist-client": "^5.90.1",
        "compare-versions": "^6.1.1",
        "embla-carousel-autoplay": "^8.6.0"
      },
      "devDependencies": {
        "@types/node": "^24.3.1"
      }
    },
    "node_modules/@tanstack/query-core": {
      "version": "5.90.1",
      "resolved": "https://registry.npmjs.org/@tanstack/query-core/-/query-core-5.90.1.tgz",
      "integrity": "sha512-hmi8i+mWP3QnD8yq3+6LWri9IEZAlFbpbM/UVB+TJtp5RIxUfzuARqyW39b+HCfBKKnFKSHWMXNB5YN8lo/E/Q==",
      "license": "MIT",
      "funding": {
        "type": "github",
        "url": "https://github.com/sponsors/tannerlinsley"
      }
    },
    "node_modules/@tanstack/query-persist-client-core": {
      "version": "5.90.1",
      "resolved": "https://registry.npmjs.org/@tanstack/query-persist-client-core/-/query-persist-client-core-5.90.1.tgz",
      "integrity": "sha512-0G5/r/ovaPOoFXdO+VUV6s5pVnUQbjGv1EwYKeC5GkkGBLD1KQwYxudwj4+U8ue722EtGdB7Y4nTijpVN+Z6gA==",
      "license": "MIT",
      "dependencies": {
        "@tanstack/query-core": "5.90.1"
      },
      "funding": {
        "type": "github",
        "url": "https://github.com/sponsors/tannerlinsley"
      }
    },
    "node_modules/@tanstack/react-query": {
      "version": "5.90.1",
      "resolved": "https://registry.npmjs.org/@tanstack/react-query/-/react-query-5.90.1.tgz",
      "integrity": "sha512-tN7Fx2HuV2SBhl+STgL8enbfSInRoNU1B1+5LIU62klcMElE4lFzol4aReuRSUeD6ntzPayK0KrM6w9+ZlHEkw==",
      "license": "MIT",
      "peer": true,
      "dependencies": {
        "@tanstack/query-core": "5.90.1"
      },
      "funding": {
        "type": "github",
        "url": "https://github.com/sponsors/tannerlinsley"
      },
      "peerDependencies": {
        "react": "^18 || ^19"
      }
    },
    "node_modules/@tanstack/react-query-persist-client": {
      "version": "5.90.1",
      "resolved": "https://registry.npmjs.org/@tanstack/react-query-persist-client/-/react-query-persist-client-5.90.1.tgz",
      "integrity": "sha512-bgVtF3jQFEBbmzGiU8W9MR7oVrjq8CcSRmq4YWS4iXwdRHPcjCZvPXGTZ3d43JO8d56B9e0OTlHkho1MQFFKjA==",
      "license": "MIT",
      "dependencies": {
        "@tanstack/query-persist-client-core": "5.90.1"
      },
      "funding": {
        "type": "github",
        "url": "https://github.com/sponsors/tannerlinsley"
      },
      "peerDependencies": {
        "@tanstack/react-query": "^5.90.1",
        "react": "^18 || ^19"
      }
    },
    "node_modules/@types/node": {
      "version": "24.3.1",
      "resolved": "https://registry.npmjs.org/@types/node/-/node-24.3.1.tgz",
      "integrity": "sha512-3vXmQDXy+woz+gnrTvuvNrPzekOi+Ds0ReMxw0LzBiK3a+1k0kQn9f2NWk+lgD4rJehFUmYy2gMhJ2ZI+7YP9g==",
      "dev": true,
      "license": "MIT",
      "dependencies": {
        "undici-types": "~7.10.0"
      }
    },
    "node_modules/compare-versions": {
      "version": "6.1.1",
      "resolved": "https://registry.npmjs.org/compare-versions/-/compare-versions-6.1.1.tgz",
      "integrity": "sha512-4hm4VPpIecmlg59CHXnRDnqGplJFrbLG4aFEl5vl6cK1u76ws3LLvX7ikFnTDl5vo39sjWD6AaDPYodJp/NNHg==",
      "license": "MIT"
    },
    "node_modules/embla-carousel": {
      "version": "8.6.0",
      "resolved": "https://registry.npmjs.org/embla-carousel/-/embla-carousel-8.6.0.tgz",
      "integrity": "sha512-SjWyZBHJPbqxHOzckOfo8lHisEaJWmwd23XppYFYVh10bU66/Pn5tkVkbkCMZVdbUE5eTCI2nD8OyIP4Z+uwkA==",
      "license": "MIT",
      "peer": true
    },
    "node_modules/embla-carousel-autoplay": {
      "version": "8.6.0",
      "resolved": "https://registry.npmjs.org/embla-carousel-autoplay/-/embla-carousel-autoplay-8.6.0.tgz",
      "integrity": "sha512-OBu5G3nwaSXkZCo1A6LTaFMZ8EpkYbwIaH+bPqdBnDGQ2fh4+NbzjXjs2SktoPNKCtflfVMc75njaDHOYXcrsA==",
      "license": "MIT",
      "peerDependencies": {
        "embla-carousel": "8.6.0"
      }
    },
    "node_modules/react": {
      "version": "19.1.1",
      "resolved": "https://registry.npmjs.org/react/-/react-19.1.1.tgz",
      "integrity": "sha512-w8nqGImo45dmMIfljjMwOGtbmC/mk4CMYhWIicdSflH91J9TyCyczcPFXJzrZ/ZXcgGRFeP6BU0BEJTw6tZdfQ==",
      "license": "MIT",
      "peer": true,
      "engines": {
        "node": ">=0.10.0"
      }
    },
    "node_modules/undici-types": {
      "version": "7.10.0",
      "resolved": "https://registry.npmjs.org/undici-types/-/undici-types-7.10.0.tgz",
      "integrity": "sha512-t5Fy/nfn+14LuOc2KNYg75vZqClpAiqscVvMygNnlsHBFpSXdJaYtXMcdNLpl/Qvc3P2cB3s6lOV51nqsFq4ag==",
      "dev": true,
      "license": "MIT"
    }
  }
}
